
Microsoft Visual Studio Solution File, Format Version 12.00
# Visual Studio Version 16
VisualStudioVersion = 16.0.31613.86
MinimumVisualStudioVersion = 10.0.40219.1
Project("{FAE04EC0-301F-11D3-BF4B-00C04F79EFBC}") = "AppGameScoreStandard.UWP", "AppGameScoreStandard.UWP\AppGameScoreStandard.UWP.csproj", "{5289DE79-FF2E-4E7E-86DC-C37585C4DC68}"
EndProject
Project("{FAE04EC0-301F-11D3-BF4B-00C04F79EFBC}") = "AppGameScoreStandard.Android", "AppGameScoreStandard.Android\AppGameScoreStandard.Android.csproj", "{E71CA242-EE5B-402C-8147-6FBFE848D11D}"
EndProject
Project("{FAE04EC0-301F-11D3-BF4B-00C04F79EFBC}") = "AppGameScoreStandard.iOS", "AppGameScoreStandard.iOS\AppGameScoreStandard.iOS.csproj", "{BC2D3716-6A8D-429A-8304-661314336247}"
EndProject
Project("{FAE04EC0-301F-11D3-BF4B-00C04F79EFBC}") = "AppGameScoreStandard", "AppGameScoreStandard\AppGameScoreStandard.csproj", "{11E49D1A-3FFA-4F35-AE01-DD002369AC51}"
EndProject
Global
	GlobalSection(SolutionConfigurationPlatforms) = preSolution
		Debug|Any CPU = Debug|Any CPU
		Debug|ARM = Debug|ARM
		Debug|iPhone = Debug|iPhone
		Debug|iPhoneSimulator = Debug|iPhoneSimulator
		Debug|x64 = Debug|x64
		Debug|x86 = Debug|x86
		Release|Any CPU = Release|Any CPU
		Release|ARM = Release|ARM
		Release|iPhone = Release|iPhone
		Release|iPhoneSimulator = Release|iPhoneSimulator
		Release|x64 = Release|x64
		Release|x86 = Release|x86
	EndGlobalSection
	GlobalSection(ProjectConfigurationPlatforms) = postSolution
		{5289DE79-FF2E-4E7E-86DC-C37585C4DC68}.Debug|Any CPU.ActiveCfg = Debug|x86
		{5289DE79-FF2E-4E7E-86DC-C37585C4DC68}.Debug|Any CPU.Build.0 = Debug|x86
		{5289DE79-FF2E-4E7E-86DC-C37585C4DC68}.Debug|Any CPU.Deploy.0 = Debug|x86
		{5289DE79-FF2E-4E7E-86DC-C37585C4DC68}.Debug|ARM.ActiveCfg = Debug|ARM
		{5289DE79-FF2E-4E7E-86DC-C37585C4DC68}.Debug|ARM.Build.0 = Debug|ARM
		{5289DE79-FF2E-4E7E-86DC-C37585C4DC68}.Debug|ARM.Deploy.0 = Debug|ARM
		{5289DE79-FF2E-4E7E-86DC-C37585C4DC68}.Debug|iPhone.ActiveCfg = Debug|x86
		{5289DE79-FF2E-4E7E-86DC-C37585C4DC68}.Debug|iPhone.Build.0 = Debug|x86
		{5289DE79-FF2E-4E7E-86DC-C37585C4DC68}.Debug|iPhone.Deploy.0 = Debug|x86
		{5289DE79-FF2E-4E7E-86DC-C37585C4DC68}.Debug|iPhoneSimulator.ActiveCfg = Debug|x86
		{5289DE79-FF2E-4E7E-86DC-C37585C4DC68}.Debug|iPhoneSimulator.Build.0 = Debug|x86
		{5289DE79-FF2E-4E7E-86DC-C37585C4DC68}.Debug|iPhoneSimulator.Deploy.0 = Debug|x86
		{5289DE79-FF2E-4E7E-86DC-C37585C4DC68}.Debug|x64.ActiveCfg = Debug|x64
		{5289DE79-FF2E-4E7E-86DC-C37585C4DC68}.Debug|x64.Build.0 = Debug|x64
		{5289DE79-FF2E-4E7E-86DC-C37585C4DC68}.Debug|x64.Deploy.0 = Debug|x64
		{5289DE79-FF2E-4E7E-86DC-C37585C4DC68}.Debug|x86.ActiveCfg = Debug|x86
		{5289DE79-FF2E-4E7E-86DC-C37585C4DC68}.Debug|x86.Build.0 = Debug|x86
		{5289DE79-FF2E-4E7E-86DC-C37585C4DC68}.Debug|x86.Deploy.0 = Debug|x86
		{5289DE79-FF2E-4E7E-86DC-C37585C4DC68}.Release|Any CPU.ActiveCfg = Release|x86
		{5289DE79-FF2E-4E7E-86DC-C37585C4DC68}.Release|Any CPU.Build.0 = Release|x86
		{5289DE79-FF2E-4E7E-86DC-C37585C4DC68}.Release|Any CPU.Deploy.0 = Release|x86
		{5289DE79-FF2E-4E7E-86DC-C37585C4DC68}.Release|ARM.ActiveCfg = Release|ARM
		{5289DE79-FF2E-4E7E-86DC-C37585C4DC68}.Release|ARM.Build.0 = Release|ARM
		{5289DE79-FF2E-4E7E-86DC-C37585C4DC68}.Release|ARM.Deploy.0 = Release|ARM
		{5289DE79-FF2E-4E7E-86DC-C37585C4DC68}.Release|iPhone.ActiveCfg = Release|x86
		{5289DE79-FF2E-4E7E-86DC-C37585C4DC68}.Release|iPhone.Build.0 = Release|x86
		{5289DE79-FF2E-4E7E-86DC-C37585C4DC68}.Release|iPhone.Deploy.0 = Release|x86
		{5289DE79-FF2E-4E7E-86DC-C37585C4DC68}.Release|iPhoneSimulator.ActiveCfg = Release|x86
		{5289DE79-FF2E-4E7E-86DC-C37585C4DC68}.Release|iPhoneSimulator.Build.0 = Release|x86
		{5289DE79-FF2E-4E7E-86DC-C37585C4DC68}.Release|iPhoneSimulator.Deploy.0 = Release|x86
		{5289DE79-FF2E-4E7E-86DC-C37585C4DC68}.Release|x64.ActiveCfg = Release|x64
		{5289DE79-FF2E-4E7E-86DC-C37585C4DC68}.Release|x64.Build.0 = Release|x64
		{5289DE79-FF2E-4E7E-86DC-C37585C4DC68}.Release|x64.Deploy.0 = Release|x64
		{5289DE79-FF2E-4E7E-86DC-C37585C4DC68}.Release|x86.ActiveCfg = Release|x86
		{5289DE79-FF2E-4E7E-86DC-C37585C4DC68}.Release|x86.Build.0 = Release|x86
		{5289DE79-FF2E-4E7E-86DC-C37585C4DC68}.Release|x86.Deploy.0 = Release|x86
		{E71CA242-EE5B-402C-8147-6FBFE848D11D}.Debug|Any CPU.ActiveCfg = Debug|Any CPU
		{E71CA242-EE5B-402C-8147-6FBFE848D11D}.Debug|Any CPU.Build.0 = Debug|Any CPU
		{E71CA242-EE5B-402C-8147-6FBFE848D11D}.Debug|Any CPU.Deploy.0 = Debug|Any CPU
		{E71CA242-EE5B-402C-8147-6FBFE848D11D}.Debug|ARM.ActiveCfg = Debug|Any CPU
		{E71CA242-EE5B-402C-8147-6FBFE848D11D}.Debug|ARM.Build.0 = Debug|Any CPU
		{E71CA242-EE5B-402C-8147-6FBFE848D11D}.Debug|ARM.Deploy.0 = Debug|Any CPU
		{E71CA242-EE5B-402C-8147-6FBFE848D11D}.Debug|iPhone.ActiveCfg = Debug|Any CPU
		{E71CA242-EE5B-402C-8147-6FBFE848D11D}.Debug|iPhone.Build.0 = Debug|Any CPU
		{E71CA242-EE5B-402C-8147-6FBFE848D11D}.Debug|iPhone.Deploy.0 = Debug|Any CPU
		{E71CA242-EE5B-402C-8147-6FBFE848D11D}.Debug|iPhoneSimulator.ActiveCfg = Debug|Any CPU
		{E71CA242-EE5B-402C-8147-6FBFE848D11D}.Debug|iPhoneSimulator.Build.0 = Debug|Any CPU
		{E71CA242-EE5B-402C-8147-6FBFE848D11D}.Debug|iPhoneSimulator.Deploy.0 = Debug|Any CPU
		{E71CA242-EE5B-402C-8147-6FBFE848D11D}.Debug|x64.ActiveCfg = Debug|Any CPU
		{E71CA242-EE5B-402C-8147-6FBFE848D11D}.Debug|x64.Build.0 = Debug|Any CPU
		{E71CA242-EE5B-402C-8147-6FBFE848D11D}.Debug|x64.Deploy.0 = Debug|Any CPU
		{E71CA242-EE5B-402C-8147-6FBFE848D11D}.Debug|x86.ActiveCfg = Debug|Any CPU
		{E71CA242-EE5B-402C-8147-6FBFE848D11D}.Debug|x86.Build.0 = Debug|Any CPU
		{E71CA242-EE5B-402C-8147-6FBFE848D11D}.Debug|x86.Deploy.0 = Debug|Any CPU
		{E71CA242-EE5B-402C-8147-6FBFE848D11D}.Release|Any CPU.ActiveCfg = Release|Any CPU
		{E71CA242-EE5B-402C-8147-6FBFE848D11D}.Release|Any CPU.Build.0 = Release|Any CPU
		{E71CA242-EE5B-402C-8147-6FBFE848D11D}.Release|Any CPU.Deploy.0 = Release|Any CPU
		{E71CA242-EE5B-402C-8147-6FBFE848D11D}.Release|ARM.ActiveCfg = Release|Any CPU
		{E71CA242-EE5B-402C-8147-6FBFE848D11D}.Release|ARM.Build.0 = Release|Any CPU
		{E71CA242-EE5B-402C-8147-6FBFE848D11D}.Release|ARM.Deploy.0 = Release|Any CPU
		{E71CA242-EE5B-402C-8147-6FBFE848D11D}.Release|iPhone.ActiveCfg = Release|Any CPU
		{E71CA242-EE5B-402C-8147-6FBFE848D11D}.Release|iPhone.Build.0 = Release|Any CPU
		{E71CA242-EE5B-402C-8147-6FBFE848D11D}.Release|iPhone.Deploy.0 = Release|Any CPU
		{E71CA242-EE5B-402C-8147-6FBFE848D11D}.Release|iPhoneSimulator.ActiveCfg = Release|Any CPU
		{E71CA242-EE5B-402C-8147-6FBFE848D11D}.Release|iPhoneSimulator.Build.0 = Release|Any CPU
		{E71CA242-EE5B-402C-8147-6FBFE848D11D}.Release|iPhoneSimulator.Deploy.0 = Release|Any CPU
		{E71CA242-EE5B-402C-8147-6FBFE848D11D}.Release|x64.ActiveCfg = Release|Any CPU
		{E71CA242-EE5B-402C-8147-6FBFE848D11D}.Release|x64.Build.0 = Release|Any CPU
		{E71CA242-EE5B-402C-8147-6FBFE848D11D}.Release|x64.Deploy.0 = Release|Any CPU
		{E71CA242-EE5B-402C-8147-6FBFE848D11D}.Release|x86.ActiveCfg = Release|Any CPU
		{E71CA242-EE5B-402C-8147-6FBFE848D11D}.Release|x86.Build.0 = Release|Any CPU
		{E71CA242-EE5B-402C-8147-6FBFE848D11D}.Release|x86.Deploy.0 = Release|Any CPU
		{BC2D3716-6A8D-429A-8304-661314336247}.Debug|Any CPU.ActiveCfg = Debug|iPhoneSimulator
		{BC2D3716-6A8D-429A-8304-661314336247}.Debug|Any CPU.Build.0 = Debug|iPhoneSimulator
		{BC2D3716-6A8D-429A-8304-661314336247}.Debug|Any CPU.Deploy.0 = Debug|iPhoneSimulator
		{BC2D3716-6A8D-429A-8304-661314336247}.Debug|ARM.ActiveCfg = Debug|iPhone
		{BC2D3716-6A8D-429A-8304-661314336247}.Debug|ARM.Build.0 = Debug|iPhone
		{BC2D3716-6A8D-429A-8304-661314336247}.Debug|ARM.Deploy.0 = Debug|iPhone
		{BC2D3716-6A8D-429A-8304-661314336247}.Debug|iPhone.ActiveCfg = Debug|iPhone
		{BC2D3716-6A8D-429A-8304-661314336247}.Debug|iPhone.Build.0 = Debug|iPhone
		{BC2D3716-6A8D-429A-8304-661314336247}.Debug|iPhone.Deploy.0 = Debug|iPhone
		{BC2D3716-6A8D-429A-8304-661314336247}.Debug|iPhoneSimulator.ActiveCfg = Debug|iPhoneSimulator
		{BC2D3716-6A8D-429A-8304-661314336247}.Debug|iPhoneSimulator.Build.0 = Debug|iPhoneSimulator
		{BC2D3716-6A8D-429A-8304-661314336247}.Debug|iPhoneSimulator.Deploy.0 = Debug|iPhoneSimulator
		{BC2D3716-6A8D-429A-8304-661314336247}.Debug|x64.ActiveCfg = Debug|iPhoneSimulator
		{BC2D3716-6A8D-429A-8304-661314336247}.Debug|x64.Build.0 = Debug|iPhoneSimulator
		{BC2D3716-6A8D-429A-8304-661314336247}.Debug|x64.Deploy.0 = Debug|iPhoneSimulator
		{BC2D3716-6A8D-429A-8304-661314336247}.Debug|x86.ActiveCfg = Debug|iPhoneSimulator
		{BC2D3716-6A8D-429A-8304-661314336247}.Debug|x86.Build.0 = Debug|iPhoneSimulator
		{BC2D3716-6A8D-429A-8304-661314336247}.Debug|x86.Deploy.0 = Debug|iPhoneSimulator
		{BC2D3716-6A8D-429A-8304-661314336247}.Release|Any CPU.ActiveCfg = Release|iPhoneSimulator
		{BC2D3716-6A8D-429A-8304-661314336247}.Release|Any CPU.Build.0 = Release|iPhoneSimulator
		{BC2D3716-6A8D-429A-8304-661314336247}.Release|Any CPU.Deploy.0 = Release|iPhoneSimulator
		{BC2D3716-6A8D-429A-8304-661314336247}.Release|ARM.ActiveCfg = Release|iPhoneSimulator
		{BC2D3716-6A8D-429A-8304-661314336247}.Release|ARM.Build.0 = Release|iPhoneSimulator
		{BC2D3716-6A8D-429A-8304-661314336247}.Release|ARM.Deploy.0 = Release|iPhoneSimulator
		{BC2D3716-6A8D-429A-8304-661314336247}.Release|iPhone.ActiveCfg = Release|iPhone
		{BC2D3716-6A8D-429A-8304-661314336247}.Release|iPhone.Build.0 = Release|iPhone
		{BC2D3716-6A8D-429A-8304-661314336247}.Release|iPhone.Deploy.0 = Release|iPhone
		{BC2D3716-6A8D-429A-8304-661314336247}.Release|iPhoneSimulator.ActiveCfg = Release|iPhoneSimulator
		{BC2D3716-6A8D-429A-8304-661314336247}.Release|iPhoneSimulator.Build.0 = Release|iPhoneSimulator
		{BC2D3716-6A8D-429A-8304-661314336247}.Release|iPhoneSimulator.Deploy.0 = Release|iPhoneSimulator
		{BC2D3716-6A8D-429A-8304-661314336247}.Release|x64.ActiveCfg = Release|iPhoneSimulator
		{BC2D3716-6A8D-429A-8304-661314336247}.Release|x64.Build.0 = Release|iPhoneSimulator
		{BC2D3716-6A8D-429A-8304-661314336247}.Release|x64.Deploy.0 = Release|iPhoneSimulator
		{BC2D3716-6A8D-429A-8304-661314336247}.Release|x86.ActiveCfg = Release|iPhoneSimulator
		{BC2D3716-6A8D-429A-8304-661314336247}.Release|x86.Build.0 = Release|iPhoneSimulator
		{BC2D3716-6A8D-429A-8304-661314336247}.Release|x86.Deploy.0 = Release|iPhoneSimulator
		{11E49D1A-3FFA-4F35-AE01-DD002369AC51}.Debug|Any CPU.ActiveCfg = Debug|Any CPU
		{11E49D1A-3FFA-4F35-AE01-DD002369AC51}.Debug|Any CPU.Build.0 = Debug|Any CPU
		{11E49D1A-3FFA-4F35-AE01-DD002369AC51}.Debug|Any CPU.Deploy.0 = Debug|Any CPU
		{11E49D1A-3FFA-4F35-AE01-DD002369AC51}.Debug|ARM.ActiveCfg = Debug|Any CPU
		{11E49D1A-3FFA-4F35-AE01-DD002369AC51}.Debug|ARM.Build.0 = Debug|Any CPU
		{11E49D1A-3FFA-4F35-AE01-DD002369AC51}.Debug|ARM.Deploy.0 = Debug|Any CPU
		{11E49D1A-3FFA-4F35-AE01-DD002369AC51}.Debug|iPhone.ActiveCfg = Debug|Any CPU
		{11E49D1A-3FFA-4F35-AE01-DD002369AC51}.Debug|iPhone.Build.0 = Debug|Any CPU
		{11E49D1A-3FFA-4F35-AE01-DD002369AC51}.Debug|iPhone.Deploy.0 = Debug|Any CPU
		{11E49D1A-3FFA-4F35-AE01-DD002369AC51}.Debug|iPhoneSimulator.ActiveCfg = Debug|Any CPU
		{11E49D1A-3FFA-4F35-AE01-DD002369AC51}.Debug|iPhoneSimulator.Build.0 = Debug|Any CPU
		{11E49D1A-3FFA-4F35-AE01-DD002369AC51}.Debug|iPhoneSimulator.Deploy.0 = Debug|Any CPU
		{11E49D1A-3FFA-4F35-AE01-DD002369AC51}.Debug|x64.ActiveCfg = Debug|Any CPU
		{11E49D1A-3FFA-4F35-AE01-DD002369AC51}.Debug|x64.Build.0 = Debug|Any CPU
		{11E49D1A-3FFA-4F35-AE01-DD002369AC51}.Debug|x64.Deploy.0 = Debug|Any CPU
		{11E49D1A-3FFA-4F35-AE01-DD002369AC51}.Debug|x86.ActiveCfg = Debug|Any CPU
		{11E49D1A-3FFA-4F35-AE01-DD002369AC51}.Debug|x86.Build.0 = Debug|Any CPU
		{11E49D1A-3FFA-4F35-AE01-DD002369AC51}.Debug|x86.Deploy.0 = Debug|Any CPU
		{11E49D1A-3FFA-4F35-AE01-DD002369AC51}.Release|Any CPU.ActiveCfg = Release|Any CPU
		{11E49D1A-3FFA-4F35-AE01-DD002369AC51}.Release|Any CPU.Build.0 = Release|Any CPU
		{11E49D1A-3FFA-4F35-AE01-DD002369AC51}.Release|Any CPU.Deploy.0 = Release|Any CPU
		{11E49D1A-3FFA-4F35-AE01-DD002369AC51}.Release|ARM.ActiveCfg = Release|Any CPU
		{11E49D1A-3FFA-4F35-AE01-DD002369AC51}.Release|ARM.Build.0 = Release|Any CPU
		{11E49D1A-3FFA-4F35-AE01-DD002369AC51}.Release|ARM.Deploy.0 = Release|Any CPU
		{11E49D1A-3FFA-4F35-AE01-DD002369AC51}.Release|iPhone.ActiveCfg = Release|Any CPU
		{11E49D1A-3FFA-4F35-AE01-DD002369AC51}.Release|iPhone.Build.0 = Release|Any CPU
		{11E49D1A-3FFA-4F35-AE01-DD002369AC51}.Release|iPhone.Deploy.0 = Release|Any CPU
		{11E49D1A-3FFA-4F35-AE01-DD002369AC51}.Release|iPhoneSimulator.ActiveCfg = Release|Any CPU
		{11E49D1A-3FFA-4F35-AE01-DD002369AC51}.Release|iPhoneSimulator.Build.0 = Release|Any CPU
		{11E49D1A-3FFA-4F35-AE01-DD002369AC51}.Release|iPhoneSimulator.Deploy.0 = Release|Any CPU
		{11E49D1A-3FFA-4F35-AE01-DD002369AC51}.Release|x64.ActiveCfg = Release|Any CPU
		{11E49D1A-3FFA-4F35-AE01-DD002369AC51}.Release|x64.Build.0 = Release|Any CPU
		{11E49D1A-3FFA-4F35-AE01-DD002369AC51}.Release|x64.Deploy.0 = Release|Any CPU
		{11E49D1A-3FFA-4F35-AE01-DD002369AC51}.Release|x86.ActiveCfg = Release|Any CPU
		{11E49D1A-3FFA-4F35-AE01-DD002369AC51}.Release|x86.Build.0 = Release|Any CPU
		{11E49D1A-3FFA-4F35-AE01-DD002369AC51}.Release|x86.Deploy.0 = Release|Any CPU
	EndGlobalSection
	GlobalSection(SolutionProperties) = preSolution
		HideSolutionNode = FALSE
	EndGlobalSection
	GlobalSection(ExtensibilityGlobals) = postSolution
		SolutionGuid = {A1649804-0CD7-4460-8EF7-A5363C5528A6}
	EndGlobalSection
EndGlobal
